// !$*UTF8*$!
{
	archiveVersion = 1;
	classes = {
	};
	objectVersion = 56;
	objects = {

/* Begin PBXBuildFile section */
		7C418770F6EA3352A5B5F04A /* Pods_AppStoreJSON.framework in Frameworks */ = {isa = PBXBuildFile; fileRef = E6170DCBCE98F06AB55B9CB1 /* Pods_AppStoreJSON.framework */; };
		CE09DA3D29CF6272001EB4FE /* AppsSearchController.swift in Sources */ = {isa = PBXBuildFile; fileRef = CE09DA3C29CF6272001EB4FE /* AppsSearchController.swift */; };
		CE149ECC2A093109002FB06D /* PreviewCell.swift in Sources */ = {isa = PBXBuildFile; fileRef = CE149ECB2A093109002FB06D /* PreviewCell.swift */; };
		CE149ECE2A0939DE002FB06D /* PreviewScreenshotsController.swift in Sources */ = {isa = PBXBuildFile; fileRef = CE149ECD2A0939DE002FB06D /* PreviewScreenshotsController.swift */; };
		CE1AE76C29F5816300755A89 /* AppGroup.swift in Sources */ = {isa = PBXBuildFile; fileRef = CE1AE76B29F5816300755A89 /* AppGroup.swift */; };
		CE3F902C29F92F920014B928 /* SocialApp.swift in Sources */ = {isa = PBXBuildFile; fileRef = CE3F902B29F92F920014B928 /* SocialApp.swift */; };
		CE46796D29EAE413000347CF /* AppsPageController.swift in Sources */ = {isa = PBXBuildFile; fileRef = CE46796C29EAE413000347CF /* AppsPageController.swift */; };
		CE46796F29EAF011000347CF /* BaseListController.swift in Sources */ = {isa = PBXBuildFile; fileRef = CE46796E29EAF011000347CF /* BaseListController.swift */; };
		CE46797229EAF9AD000347CF /* AppsGroupCell.swift in Sources */ = {isa = PBXBuildFile; fileRef = CE46797129EAF9AD000347CF /* AppsGroupCell.swift */; };
		CE5264BC29D1B3ED00802C0C /* UIView+Layout.swift in Sources */ = {isa = PBXBuildFile; fileRef = CE5264BB29D1B3ED00802C0C /* UIView+Layout.swift */; };
		CE5264BE29D1C00600802C0C /* VerticalStackView.swift in Sources */ = {isa = PBXBuildFile; fileRef = CE5264BD29D1C00600802C0C /* VerticalStackView.swift */; };
		CE5DB30B29F0769E00D66184 /* Extensions.swift in Sources */ = {isa = PBXBuildFile; fileRef = CE5DB30A29F0769E00D66184 /* Extensions.swift */; };
		CE605FE529FFA733009C1137 /* HorizontalSnappingController.swift in Sources */ = {isa = PBXBuildFile; fileRef = CE605FE429FFA733009C1137 /* HorizontalSnappingController.swift */; };
		CE7A470929D08E6000E1AE5F /* SearchResultCell.swift in Sources */ = {isa = PBXBuildFile; fileRef = CE7A470829D08E6000E1AE5F /* SearchResultCell.swift */; };
		CE9EB79F29F018C20082E0B7 /* AppRowCell.swift in Sources */ = {isa = PBXBuildFile; fileRef = CE9EB79E29F018C20082E0B7 /* AppRowCell.swift */; };
		CEA90C6229C9E7CF00C0E2D3 /* AppDelegate.swift in Sources */ = {isa = PBXBuildFile; fileRef = CEA90C6129C9E7CF00C0E2D3 /* AppDelegate.swift */; };
		CEA90C6429C9E7CF00C0E2D3 /* SceneDelegate.swift in Sources */ = {isa = PBXBuildFile; fileRef = CEA90C6329C9E7CF00C0E2D3 /* SceneDelegate.swift */; };
		CEA90C6629C9E7CF00C0E2D3 /* ViewController.swift in Sources */ = {isa = PBXBuildFile; fileRef = CEA90C6529C9E7CF00C0E2D3 /* ViewController.swift */; };
		CEA90C6929C9E7CF00C0E2D3 /* Main.storyboard in Resources */ = {isa = PBXBuildFile; fileRef = CEA90C6729C9E7CF00C0E2D3 /* Main.storyboard */; };
		CEA90C6B29C9E7D000C0E2D3 /* Assets.xcassets in Resources */ = {isa = PBXBuildFile; fileRef = CEA90C6A29C9E7D000C0E2D3 /* Assets.xcassets */; };
		CEA90C6E29C9E7D000C0E2D3 /* LaunchScreen.storyboard in Resources */ = {isa = PBXBuildFile; fileRef = CEA90C6C29C9E7D000C0E2D3 /* LaunchScreen.storyboard */; };
		CEA90C7629C9EC3200C0E2D3 /* BaseTabBarController.swift in Sources */ = {isa = PBXBuildFile; fileRef = CEA90C7529C9EC3200C0E2D3 /* BaseTabBarController.swift */; };
		CEACD11A29F2F5D30026B65D /* AppsPageHeader.swift in Sources */ = {isa = PBXBuildFile; fileRef = CEACD11929F2F5D30026B65D /* AppsPageHeader.swift */; };
		CEACD11C29F2FC510026B65D /* AppsHeaderHorizontalController.swift in Sources */ = {isa = PBXBuildFile; fileRef = CEACD11B29F2FC510026B65D /* AppsHeaderHorizontalController.swift */; };
		CEACD11E29F3098A0026B65D /* AppsHeaderCell.swift in Sources */ = {isa = PBXBuildFile; fileRef = CEACD11D29F3098A0026B65D /* AppsHeaderCell.swift */; };
		CEB8026D2A0537630046E8C1 /* AppDetailCell.swift in Sources */ = {isa = PBXBuildFile; fileRef = CEB8026C2A0537630046E8C1 /* AppDetailCell.swift */; };
		CEBEFEFB29D32C8700A14EB7 /* SearchResult.swift in Sources */ = {isa = PBXBuildFile; fileRef = CEBEFEFA29D32C8700A14EB7 /* SearchResult.swift */; };
		CECAEB8C2A01228E00FB0C83 /* BetterSnappingLayout.swift in Sources */ = {isa = PBXBuildFile; fileRef = CECAEB8B2A01228E00FB0C83 /* BetterSnappingLayout.swift */; };
		CEE787112A02989F0028EBFF /* AppDetailController.swift in Sources */ = {isa = PBXBuildFile; fileRef = CEE787102A02989F0028EBFF /* AppDetailController.swift */; };
		CEE8CDF329D4661A00D2B223 /* Service.swift in Sources */ = {isa = PBXBuildFile; fileRef = CEE8CDF229D4661A00D2B223 /* Service.swift */; };
		CEFE08FF29ED993600B72DF4 /* AppsHorizontalController.swift in Sources */ = {isa = PBXBuildFile; fileRef = CEFE08FE29ED993600B72DF4 /* AppsHorizontalController.swift */; };
/* End PBXBuildFile section */

/* Begin PBXFileReference section */
		4B5F65853E7D5E5107F7452A /* Pods-AppStoreJSON.debug.xcconfig */ = {isa = PBXFileReference; includeInIndex = 1; lastKnownFileType = text.xcconfig; name = "Pods-AppStoreJSON.debug.xcconfig"; path = "Target Support Files/Pods-AppStoreJSON/Pods-AppStoreJSON.debug.xcconfig"; sourceTree = "<group>"; };
		BD79C4E60EAB7A09D139F00D /* Pods-AppStoreJSON.release.xcconfig */ = {isa = PBXFileReference; includeInIndex = 1; lastKnownFileType = text.xcconfig; name = "Pods-AppStoreJSON.release.xcconfig"; path = "Target Support Files/Pods-AppStoreJSON/Pods-AppStoreJSON.release.xcconfig"; sourceTree = "<group>"; };
		CE09DA3C29CF6272001EB4FE /* AppsSearchController.swift */ = {isa = PBXFileReference; lastKnownFileType = sourcecode.swift; path = AppsSearchController.swift; sourceTree = "<group>"; };
		CE149ECB2A093109002FB06D /* PreviewCell.swift */ = {isa = PBXFileReference; lastKnownFileType = sourcecode.swift; path = PreviewCell.swift; sourceTree = "<group>"; };
		CE149ECD2A0939DE002FB06D /* PreviewScreenshotsController.swift */ = {isa = PBXFileReference; lastKnownFileType = sourcecode.swift; path = PreviewScreenshotsController.swift; sourceTree = "<group>"; };
		CE1AE76B29F5816300755A89 /* AppGroup.swift */ = {isa = PBXFileReference; lastKnownFileType = sourcecode.swift; path = AppGroup.swift; sourceTree = "<group>"; };
		CE3F902B29F92F920014B928 /* SocialApp.swift */ = {isa = PBXFileReference; lastKnownFileType = sourcecode.swift; path = SocialApp.swift; sourceTree = "<group>"; };
		CE46796C29EAE413000347CF /* AppsPageController.swift */ = {isa = PBXFileReference; lastKnownFileType = sourcecode.swift; path = AppsPageController.swift; sourceTree = "<group>"; };
		CE46796E29EAF011000347CF /* BaseListController.swift */ = {isa = PBXFileReference; lastKnownFileType = sourcecode.swift; path = BaseListController.swift; sourceTree = "<group>"; };
		CE46797129EAF9AD000347CF /* AppsGroupCell.swift */ = {isa = PBXFileReference; lastKnownFileType = sourcecode.swift; path = AppsGroupCell.swift; sourceTree = "<group>"; };
		CE5264BB29D1B3ED00802C0C /* UIView+Layout.swift */ = {isa = PBXFileReference; fileEncoding = 4; lastKnownFileType = sourcecode.swift; path = "UIView+Layout.swift"; sourceTree = "<group>"; };
		CE5264BD29D1C00600802C0C /* VerticalStackView.swift */ = {isa = PBXFileReference; lastKnownFileType = sourcecode.swift; path = VerticalStackView.swift; sourceTree = "<group>"; };
		CE5DB30A29F0769E00D66184 /* Extensions.swift */ = {isa = PBXFileReference; lastKnownFileType = sourcecode.swift; path = Extensions.swift; sourceTree = "<group>"; };
		CE605FE429FFA733009C1137 /* HorizontalSnappingController.swift */ = {isa = PBXFileReference; lastKnownFileType = sourcecode.swift; path = HorizontalSnappingController.swift; sourceTree = "<group>"; };
		CE7A470829D08E6000E1AE5F /* SearchResultCell.swift */ = {isa = PBXFileReference; lastKnownFileType = sourcecode.swift; path = SearchResultCell.swift; sourceTree = "<group>"; };
		CE9EB79E29F018C20082E0B7 /* AppRowCell.swift */ = {isa = PBXFileReference; lastKnownFileType = sourcecode.swift; path = AppRowCell.swift; sourceTree = "<group>"; };
		CEA90C5E29C9E7CF00C0E2D3 /* AppStoreJSON.app */ = {isa = PBXFileReference; explicitFileType = wrapper.application; includeInIndex = 0; path = AppStoreJSON.app; sourceTree = BUILT_PRODUCTS_DIR; };
		CEA90C6129C9E7CF00C0E2D3 /* AppDelegate.swift */ = {isa = PBXFileReference; lastKnownFileType = sourcecode.swift; path = AppDelegate.swift; sourceTree = "<group>"; };
		CEA90C6329C9E7CF00C0E2D3 /* SceneDelegate.swift */ = {isa = PBXFileReference; lastKnownFileType = sourcecode.swift; path = SceneDelegate.swift; sourceTree = "<group>"; };
		CEA90C6529C9E7CF00C0E2D3 /* ViewController.swift */ = {isa = PBXFileReference; lastKnownFileType = sourcecode.swift; path = ViewController.swift; sourceTree = "<group>"; };
		CEA90C6829C9E7CF00C0E2D3 /* Base */ = {isa = PBXFileReference; lastKnownFileType = file.storyboard; name = Base; path = Base.lproj/Main.storyboard; sourceTree = "<group>"; };
		CEA90C6A29C9E7D000C0E2D3 /* Assets.xcassets */ = {isa = PBXFileReference; lastKnownFileType = folder.assetcatalog; path = Assets.xcassets; sourceTree = "<group>"; };
		CEA90C6D29C9E7D000C0E2D3 /* Base */ = {isa = PBXFileReference; lastKnownFileType = file.storyboard; name = Base; path = Base.lproj/LaunchScreen.storyboard; sourceTree = "<group>"; };
		CEA90C6F29C9E7D000C0E2D3 /* Info.plist */ = {isa = PBXFileReference; lastKnownFileType = text.plist.xml; path = Info.plist; sourceTree = "<group>"; };
		CEA90C7529C9EC3200C0E2D3 /* BaseTabBarController.swift */ = {isa = PBXFileReference; lastKnownFileType = sourcecode.swift; path = BaseTabBarController.swift; sourceTree = "<group>"; };
		CEACD11929F2F5D30026B65D /* AppsPageHeader.swift */ = {isa = PBXFileReference; lastKnownFileType = sourcecode.swift; path = AppsPageHeader.swift; sourceTree = "<group>"; };
		CEACD11B29F2FC510026B65D /* AppsHeaderHorizontalController.swift */ = {isa = PBXFileReference; lastKnownFileType = sourcecode.swift; path = AppsHeaderHorizontalController.swift; sourceTree = "<group>"; };
		CEACD11D29F3098A0026B65D /* AppsHeaderCell.swift */ = {isa = PBXFileReference; lastKnownFileType = sourcecode.swift; path = AppsHeaderCell.swift; sourceTree = "<group>"; };
		CEB8026C2A0537630046E8C1 /* AppDetailCell.swift */ = {isa = PBXFileReference; lastKnownFileType = sourcecode.swift; path = AppDetailCell.swift; sourceTree = "<group>"; };
		CEBEFEFA29D32C8700A14EB7 /* SearchResult.swift */ = {isa = PBXFileReference; lastKnownFileType = sourcecode.swift; path = SearchResult.swift; sourceTree = "<group>"; };
		CECAEB8B2A01228E00FB0C83 /* BetterSnappingLayout.swift */ = {isa = PBXFileReference; lastKnownFileType = sourcecode.swift; path = BetterSnappingLayout.swift; sourceTree = "<group>"; };
		CEE787102A02989F0028EBFF /* AppDetailController.swift */ = {isa = PBXFileReference; lastKnownFileType = sourcecode.swift; path = AppDetailController.swift; sourceTree = "<group>"; };
		CEE8CDF229D4661A00D2B223 /* Service.swift */ = {isa = PBXFileReference; lastKnownFileType = sourcecode.swift; path = Service.swift; sourceTree = "<group>"; };
		CEFE08FE29ED993600B72DF4 /* AppsHorizontalController.swift */ = {isa = PBXFileReference; lastKnownFileType = sourcecode.swift; path = AppsHorizontalController.swift; sourceTree = "<group>"; };
		E6170DCBCE98F06AB55B9CB1 /* Pods_AppStoreJSON.framework */ = {isa = PBXFileReference; explicitFileType = wrapper.framework; includeInIndex = 0; path = Pods_AppStoreJSON.framework; sourceTree = BUILT_PRODUCTS_DIR; };
/* End PBXFileReference section */

/* Begin PBXFrameworksBuildPhase section */
		CEA90C5B29C9E7CF00C0E2D3 /* Frameworks */ = {
			isa = PBXFrameworksBuildPhase;
			buildActionMask = 2147483647;
			files = (
				7C418770F6EA3352A5B5F04A /* Pods_AppStoreJSON.framework in Frameworks */,
			);
			runOnlyForDeploymentPostprocessing = 0;
		};
/* End PBXFrameworksBuildPhase section */

/* Begin PBXGroup section */
		1DFD3124A158E1945298A474 /* Frameworks */ = {
			isa = PBXGroup;
			children = (
				E6170DCBCE98F06AB55B9CB1 /* Pods_AppStoreJSON.framework */,
			);
			name = Frameworks;
			sourceTree = "<group>";
		};
		9FD5FB37E980D3BA32C8D347 /* Pods */ = {
			isa = PBXGroup;
			children = (
				4B5F65853E7D5E5107F7452A /* Pods-AppStoreJSON.debug.xcconfig */,
				BD79C4E60EAB7A09D139F00D /* Pods-AppStoreJSON.release.xcconfig */,
			);
			path = Pods;
			sourceTree = "<group>";
		};
		CE09DA3B29CF61B4001EB4FE /* Controllers */ = {
			isa = PBXGroup;
			children = (
				CE46796B29EAE3F9000347CF /* Apps */,
				CEA90C7529C9EC3200C0E2D3 /* BaseTabBarController.swift */,
				CE09DA3C29CF6272001EB4FE /* AppsSearchController.swift */,
				CE46796E29EAF011000347CF /* BaseListController.swift */,
				CE605FE429FFA733009C1137 /* HorizontalSnappingController.swift */,
			);
			path = Controllers;
			sourceTree = "<group>";
		};
		CE46796B29EAE3F9000347CF /* Apps */ = {
			isa = PBXGroup;
			children = (
				CEE7870F2A0298910028EBFF /* Details */,
				CE46796C29EAE413000347CF /* AppsPageController.swift */,
				CEACD11B29F2FC510026B65D /* AppsHeaderHorizontalController.swift */,
				CEFE08FE29ED993600B72DF4 /* AppsHorizontalController.swift */,
				CEACD11929F2F5D30026B65D /* AppsPageHeader.swift */,
			);
			path = Apps;
			sourceTree = "<group>";
		};
		CE46797029EAF95E000347CF /* Apps */ = {
			isa = PBXGroup;
			children = (
				CEB8026B2A05374E0046E8C1 /* Details */,
				CE46797129EAF9AD000347CF /* AppsGroupCell.swift */,
				CE9EB79E29F018C20082E0B7 /* AppRowCell.swift */,
				CEACD11D29F3098A0026B65D /* AppsHeaderCell.swift */,
			);
			path = Apps;
			sourceTree = "<group>";
		};
		CE5264BA29D1B17300802C0C /* Helpers */ = {
			isa = PBXGroup;
			children = (
				CE5264BB29D1B3ED00802C0C /* UIView+Layout.swift */,
				CE5264BD29D1C00600802C0C /* VerticalStackView.swift */,
				CE5DB30A29F0769E00D66184 /* Extensions.swift */,
				CECAEB8B2A01228E00FB0C83 /* BetterSnappingLayout.swift */,
			);
			path = Helpers;
			sourceTree = "<group>";
		};
		CE7A470729D08DF900E1AE5F /* Views */ = {
			isa = PBXGroup;
			children = (
				CE46797029EAF95E000347CF /* Apps */,
				CE7A470829D08E6000E1AE5F /* SearchResultCell.swift */,
			);
			path = Views;
			sourceTree = "<group>";
		};
		CEA90C5529C9E7CF00C0E2D3 = {
			isa = PBXGroup;
			children = (
				CEA90C6029C9E7CF00C0E2D3 /* AppStoreJSON */,
				CEA90C5F29C9E7CF00C0E2D3 /* Products */,
				9FD5FB37E980D3BA32C8D347 /* Pods */,
				1DFD3124A158E1945298A474 /* Frameworks */,
			);
			sourceTree = "<group>";
		};
		CEA90C5F29C9E7CF00C0E2D3 /* Products */ = {
			isa = PBXGroup;
			children = (
				CEA90C5E29C9E7CF00C0E2D3 /* AppStoreJSON.app */,
			);
			name = Products;
			sourceTree = "<group>";
		};
		CEA90C6029C9E7CF00C0E2D3 /* AppStoreJSON */ = {
			isa = PBXGroup;
			children = (
				CE5264BA29D1B17300802C0C /* Helpers */,
				CEE8CDF129D4660200D2B223 /* Service */,
				CEBEFEF929D32C6700A14EB7 /* Model */,
				CE09DA3B29CF61B4001EB4FE /* Controllers */,
				CE7A470729D08DF900E1AE5F /* Views */,
				CEA90C6729C9E7CF00C0E2D3 /* Main.storyboard */,
				CEA90C6A29C9E7D000C0E2D3 /* Assets.xcassets */,
				CEA90C6529C9E7CF00C0E2D3 /* ViewController.swift */,
				CEA90C6129C9E7CF00C0E2D3 /* AppDelegate.swift */,
				CEA90C6329C9E7CF00C0E2D3 /* SceneDelegate.swift */,
				CEA90C6C29C9E7D000C0E2D3 /* LaunchScreen.storyboard */,
				CEA90C6F29C9E7D000C0E2D3 /* Info.plist */,
			);
			path = AppStoreJSON;
			sourceTree = "<group>";
		};
		CEB8026B2A05374E0046E8C1 /* Details */ = {
			isa = PBXGroup;
			children = (
				CEB8026C2A0537630046E8C1 /* AppDetailCell.swift */,
				CE149ECB2A093109002FB06D /* PreviewCell.swift */,
			);
			path = Details;
			sourceTree = "<group>";
		};
		CEBEFEF929D32C6700A14EB7 /* Model */ = {
			isa = PBXGroup;
			children = (
				CEBEFEFA29D32C8700A14EB7 /* SearchResult.swift */,
				CE1AE76B29F5816300755A89 /* AppGroup.swift */,
				CE3F902B29F92F920014B928 /* SocialApp.swift */,
			);
			path = Model;
			sourceTree = "<group>";
		};
		CEE7870F2A0298910028EBFF /* Details */ = {
			isa = PBXGroup;
			children = (
				CEE787102A02989F0028EBFF /* AppDetailController.swift */,
				CE149ECD2A0939DE002FB06D /* PreviewScreenshotsController.swift */,
			);
			path = Details;
			sourceTree = "<group>";
		};
		CEE8CDF129D4660200D2B223 /* Service */ = {
			isa = PBXGroup;
			children = (
				CEE8CDF229D4661A00D2B223 /* Service.swift */,
			);
			path = Service;
			sourceTree = "<group>";
		};
/* End PBXGroup section */

/* Begin PBXNativeTarget section */
		CEA90C5D29C9E7CF00C0E2D3 /* AppStoreJSON */ = {
			isa = PBXNativeTarget;
			buildConfigurationList = CEA90C7229C9E7D000C0E2D3 /* Build configuration list for PBXNativeTarget "AppStoreJSON" */;
			buildPhases = (
				CF108EB8F7CF30EF8FBCB332 /* [CP] Check Pods Manifest.lock */,
				CEA90C5A29C9E7CF00C0E2D3 /* Sources */,
				CEA90C5B29C9E7CF00C0E2D3 /* Frameworks */,
				CEA90C5C29C9E7CF00C0E2D3 /* Resources */,
				8B71C16A5F72638257267B3D /* [CP] Embed Pods Frameworks */,
			);
			buildRules = (
			);
			dependencies = (
			);
			name = AppStoreJSON;
			productName = AppStoreJSON;
			productReference = CEA90C5E29C9E7CF00C0E2D3 /* AppStoreJSON.app */;
			productType = "com.apple.product-type.application";
		};
/* End PBXNativeTarget section */

/* Begin PBXProject section */
		CEA90C5629C9E7CF00C0E2D3 /* Project object */ = {
			isa = PBXProject;
			attributes = {
				BuildIndependentTargetsInParallel = 1;
				LastSwiftUpdateCheck = 1400;
				LastUpgradeCheck = 1400;
				TargetAttributes = {
					CEA90C5D29C9E7CF00C0E2D3 = {
						CreatedOnToolsVersion = 14.0.1;
					};
				};
			};
			buildConfigurationList = CEA90C5929C9E7CF00C0E2D3 /* Build configuration list for PBXProject "AppStoreJSON" */;
			compatibilityVersion = "Xcode 14.0";
			developmentRegion = en;
			hasScannedForEncodings = 0;
			knownRegions = (
				en,
				Base,
			);
			mainGroup = CEA90C5529C9E7CF00C0E2D3;
			productRefGroup = CEA90C5F29C9E7CF00C0E2D3 /* Products */;
			projectDirPath = "";
			projectRoot = "";
			targets = (
				CEA90C5D29C9E7CF00C0E2D3 /* AppStoreJSON */,
			);
		};
/* End PBXProject section */

/* Begin PBXResourcesBuildPhase section */
		CEA90C5C29C9E7CF00C0E2D3 /* Resources */ = {
			isa = PBXResourcesBuildPhase;
			buildActionMask = 2147483647;
			files = (
				CEA90C6E29C9E7D000C0E2D3 /* LaunchScreen.storyboard in Resources */,
				CEA90C6B29C9E7D000C0E2D3 /* Assets.xcassets in Resources */,
				CEA90C6929C9E7CF00C0E2D3 /* Main.storyboard in Resources */,
			);
			runOnlyForDeploymentPostprocessing = 0;
		};
/* End PBXResourcesBuildPhase section */

/* Begin PBXShellScriptBuildPhase section */
		8B71C16A5F72638257267B3D /* [CP] Embed Pods Frameworks */ = {
			isa = PBXShellScriptBuildPhase;
			buildActionMask = 2147483647;
			files = (
			);
			inputFileListPaths = (
				"${PODS_ROOT}/Target Support Files/Pods-AppStoreJSON/Pods-AppStoreJSON-frameworks-${CONFIGURATION}-input-files.xcfilelist",
			);
			name = "[CP] Embed Pods Frameworks";
			outputFileListPaths = (
				"${PODS_ROOT}/Target Support Files/Pods-AppStoreJSON/Pods-AppStoreJSON-frameworks-${CONFIGURATION}-output-files.xcfilelist",
			);
			runOnlyForDeploymentPostprocessing = 0;
			shellPath = /bin/sh;
			shellScript = "\"${PODS_ROOT}/Target Support Files/Pods-AppStoreJSON/Pods-AppStoreJSON-frameworks.sh\"\n";
			showEnvVarsInLog = 0;
		};
		CF108EB8F7CF30EF8FBCB332 /* [CP] Check Pods Manifest.lock */ = {
			isa = PBXShellScriptBuildPhase;
			buildActionMask = 2147483647;
			files = (
			);
			inputFileListPaths = (
			);
			inputPaths = (
				"${PODS_PODFILE_DIR_PATH}/Podfile.lock",
				"${PODS_ROOT}/Manifest.lock",
			);
			name = "[CP] Check Pods Manifest.lock";
			outputFileListPaths = (
			);
			outputPaths = (
				"$(DERIVED_FILE_DIR)/Pods-AppStoreJSON-checkManifestLockResult.txt",
			);
			runOnlyForDeploymentPostprocessing = 0;
			shellPath = /bin/sh;
			shellScript = "diff \"${PODS_PODFILE_DIR_PATH}/Podfile.lock\" \"${PODS_ROOT}/Manifest.lock\" > /dev/null\nif [ $? != 0 ] ; then\n    # print error to STDERR\n    echo \"error: The sandbox is not in sync with the Podfile.lock. Run 'pod install' or update your CocoaPods installation.\" >&2\n    exit 1\nfi\n# This output is used by Xcode 'outputs' to avoid re-running this script phase.\necho \"SUCCESS\" > \"${SCRIPT_OUTPUT_FILE_0}\"\n";
			showEnvVarsInLog = 0;
		};
/* End PBXShellScriptBuildPhase section */

/* Begin PBXSourcesBuildPhase section */
		CEA90C5A29C9E7CF00C0E2D3 /* Sources */ = {
			isa = PBXSourcesBuildPhase;
			buildActionMask = 2147483647;
			files = (
				CEA90C7629C9EC3200C0E2D3 /* BaseTabBarController.swift in Sources */,
				CE3F902C29F92F920014B928 /* SocialApp.swift in Sources */,
				CE46796D29EAE413000347CF /* AppsPageController.swift in Sources */,
				CE9EB79F29F018C20082E0B7 /* AppRowCell.swift in Sources */,
				CE149ECE2A0939DE002FB06D /* PreviewScreenshotsController.swift in Sources */,
				CEBEFEFB29D32C8700A14EB7 /* SearchResult.swift in Sources */,
				CEA90C6629C9E7CF00C0E2D3 /* ViewController.swift in Sources */,
				CEE787112A02989F0028EBFF /* AppDetailController.swift in Sources */,
				CEA90C6229C9E7CF00C0E2D3 /* AppDelegate.swift in Sources */,
				CE09DA3D29CF6272001EB4FE /* AppsSearchController.swift in Sources */,
				CE46797229EAF9AD000347CF /* AppsGroupCell.swift in Sources */,
				CE605FE529FFA733009C1137 /* HorizontalSnappingController.swift in Sources */,
				CECAEB8C2A01228E00FB0C83 /* BetterSnappingLayout.swift in Sources */,
				CE7A470929D08E6000E1AE5F /* SearchResultCell.swift in Sources */,
				CE5264BE29D1C00600802C0C /* VerticalStackView.swift in Sources */,
				CEACD11C29F2FC510026B65D /* AppsHeaderHorizontalController.swift in Sources */,
				CEACD11A29F2F5D30026B65D /* AppsPageHeader.swift in Sources */,
				CEE8CDF329D4661A00D2B223 /* Service.swift in Sources */,
				CE5DB30B29F0769E00D66184 /* Extensions.swift in Sources */,
				CE5264BC29D1B3ED00802C0C /* UIView+Layout.swift in Sources */,
				CE1AE76C29F5816300755A89 /* AppGroup.swift in Sources */,
				CEB8026D2A0537630046E8C1 /* AppDetailCell.swift in Sources */,
				CEACD11E29F3098A0026B65D /* AppsHeaderCell.swift in Sources */,
				CE149ECC2A093109002FB06D /* PreviewCell.swift in Sources */,
				CE46796F29EAF011000347CF /* BaseListController.swift in Sources */,
				CEA90C6429C9E7CF00C0E2D3 /* SceneDelegate.swift in Sources */,
				CEFE08FF29ED993600B72DF4 /* AppsHorizontalController.swift in Sources */,
			);
			runOnlyForDeploymentPostprocessing = 0;
		};
/* End PBXSourcesBuildPhase section */

/* Begin PBXVariantGroup section */
		CEA90C6729C9E7CF00C0E2D3 /* Main.storyboard */ = {
			isa = PBXVariantGroup;
			children = (
				CEA90C6829C9E7CF00C0E2D3 /* Base */,
			);
			name = Main.storyboard;
			sourceTree = "<group>";
		};
		CEA90C6C29C9E7D000C0E2D3 /* LaunchScreen.storyboard */ = {
			isa = PBXVariantGroup;
			children = (
				CEA90C6D29C9E7D000C0E2D3 /* Base */,
			);
			name = LaunchScreen.storyboard;
			sourceTree = "<group>";
		};
/* End PBXVariantGroup section */

/* Begin XCBuildConfiguration section */
		CEA90C7029C9E7D000C0E2D3 /* Debug */ = {
			isa = XCBuildConfiguration;
			buildSettings = {
				ALWAYS_SEARCH_USER_PATHS = NO;
				CLANG_ANALYZER_NONNULL = YES;
				CLANG_ANALYZER_NUMBER_OBJECT_CONVERSION = YES_AGGRESSIVE;
				CLANG_CXX_LANGUAGE_STANDARD = "gnu++20";
				CLANG_ENABLE_MODULES = YES;
				CLANG_ENABLE_OBJC_ARC = YES;
				CLANG_ENABLE_OBJC_WEAK = YES;
				CLANG_WARN_BLOCK_CAPTURE_AUTORELEASING = YES;
				CLANG_WARN_BOOL_CONVERSION = YES;
				CLANG_WARN_COMMA = YES;
				CLANG_WARN_CONSTANT_CONVERSION = YES;
				CLANG_WARN_DEPRECATED_OBJC_IMPLEMENTATIONS = YES;
				CLANG_WARN_DIRECT_OBJC_ISA_USAGE = YES_ERROR;
				CLANG_WARN_DOCUMENTATION_COMMENTS = YES;
				CLANG_WARN_EMPTY_BODY = YES;
				CLANG_WARN_ENUM_CONVERSION = YES;
				CLANG_WARN_INFINITE_RECURSION = YES;
				CLANG_WARN_INT_CONVERSION = YES;
				CLANG_WARN_NON_LITERAL_NULL_CONVERSION = YES;
				CLANG_WARN_OBJC_IMPLICIT_RETAIN_SELF = YES;
				CLANG_WARN_OBJC_LITERAL_CONVERSION = YES;
				CLANG_WARN_OBJC_ROOT_CLASS = YES_ERROR;
				CLANG_WARN_QUOTED_INCLUDE_IN_FRAMEWORK_HEADER = YES;
				CLANG_WARN_RANGE_LOOP_ANALYSIS = YES;
				CLANG_WARN_STRICT_PROTOTYPES = YES;
				CLANG_WARN_SUSPICIOUS_MOVE = YES;
				CLANG_WARN_UNGUARDED_AVAILABILITY = YES_AGGRESSIVE;
				CLANG_WARN_UNREACHABLE_CODE = YES;
				CLANG_WARN__DUPLICATE_METHOD_MATCH = YES;
				COPY_PHASE_STRIP = NO;
				DEBUG_INFORMATION_FORMAT = dwarf;
				ENABLE_STRICT_OBJC_MSGSEND = YES;
				ENABLE_TESTABILITY = YES;
				GCC_C_LANGUAGE_STANDARD = gnu11;
				GCC_DYNAMIC_NO_PIC = NO;
				GCC_NO_COMMON_BLOCKS = YES;
				GCC_OPTIMIZATION_LEVEL = 0;
				GCC_PREPROCESSOR_DEFINITIONS = (
					"DEBUG=1",
					"$(inherited)",
				);
				GCC_WARN_64_TO_32_BIT_CONVERSION = YES;
				GCC_WARN_ABOUT_RETURN_TYPE = YES_ERROR;
				GCC_WARN_UNDECLARED_SELECTOR = YES;
				GCC_WARN_UNINITIALIZED_AUTOS = YES_AGGRESSIVE;
				GCC_WARN_UNUSED_FUNCTION = YES;
				GCC_WARN_UNUSED_VARIABLE = YES;
				IPHONEOS_DEPLOYMENT_TARGET = 16.0;
				MTL_ENABLE_DEBUG_INFO = INCLUDE_SOURCE;
				MTL_FAST_MATH = YES;
				ONLY_ACTIVE_ARCH = YES;
				SDKROOT = iphoneos;
				SWIFT_ACTIVE_COMPILATION_CONDITIONS = DEBUG;
				SWIFT_OPTIMIZATION_LEVEL = "-Onone";
			};
			name = Debug;
		};
		CEA90C7129C9E7D000C0E2D3 /* Release */ = {
			isa = XCBuildConfiguration;
			buildSettings = {
				ALWAYS_SEARCH_USER_PATHS = NO;
				CLANG_ANALYZER_NONNULL = YES;
				CLANG_ANALYZER_NUMBER_OBJECT_CONVERSION = YES_AGGRESSIVE;
				CLANG_CXX_LANGUAGE_STANDARD = "gnu++20";
				CLANG_ENABLE_MODULES = YES;
				CLANG_ENABLE_OBJC_ARC = YES;
				CLANG_ENABLE_OBJC_WEAK = YES;
				CLANG_WARN_BLOCK_CAPTURE_AUTORELEASING = YES;
				CLANG_WARN_BOOL_CONVERSION = YES;
				CLANG_WARN_COMMA = YES;
				CLANG_WARN_CONSTANT_CONVERSION = YES;
				CLANG_WARN_DEPRECATED_OBJC_IMPLEMENTATIONS = YES;
				CLANG_WARN_DIRECT_OBJC_ISA_USAGE = YES_ERROR;
				CLANG_WARN_DOCUMENTATION_COMMENTS = YES;
				CLANG_WARN_EMPTY_BODY = YES;
				CLANG_WARN_ENUM_CONVERSION = YES;
				CLANG_WARN_INFINITE_RECURSION = YES;
				CLANG_WARN_INT_CONVERSION = YES;
				CLANG_WARN_NON_LITERAL_NULL_CONVERSION = YES;
				CLANG_WARN_OBJC_IMPLICIT_RETAIN_SELF = YES;
				CLANG_WARN_OBJC_LITERAL_CONVERSION = YES;
				CLANG_WARN_OBJC_ROOT_CLASS = YES_ERROR;
				CLANG_WARN_QUOTED_INCLUDE_IN_FRAMEWORK_HEADER = YES;
				CLANG_WARN_RANGE_LOOP_ANALYSIS = YES;
				CLANG_WARN_STRICT_PROTOTYPES = YES;
				CLANG_WARN_SUSPICIOUS_MOVE = YES;
				CLANG_WARN_UNGUARDED_AVAILABILITY = YES_AGGRESSIVE;
				CLANG_WARN_UNREACHABLE_CODE = YES;
				CLANG_WARN__DUPLICATE_METHOD_MATCH = YES;
				COPY_PHASE_STRIP = NO;
				DEBUG_INFORMATION_FORMAT = "dwarf-with-dsym";
				ENABLE_NS_ASSERTIONS = NO;
				ENABLE_STRICT_OBJC_MSGSEND = YES;
				GCC_C_LANGUAGE_STANDARD = gnu11;
				GCC_NO_COMMON_BLOCKS = YES;
				GCC_WARN_64_TO_32_BIT_CONVERSION = YES;
				GCC_WARN_ABOUT_RETURN_TYPE = YES_ERROR;
				GCC_WARN_UNDECLARED_SELECTOR = YES;
				GCC_WARN_UNINITIALIZED_AUTOS = YES_AGGRESSIVE;
				GCC_WARN_UNUSED_FUNCTION = YES;
				GCC_WARN_UNUSED_VARIABLE = YES;
				IPHONEOS_DEPLOYMENT_TARGET = 16.0;
				MTL_ENABLE_DEBUG_INFO = NO;
				MTL_FAST_MATH = YES;
				SDKROOT = iphoneos;
				SWIFT_COMPILATION_MODE = wholemodule;
				SWIFT_OPTIMIZATION_LEVEL = "-O";
				VALIDATE_PRODUCT = YES;
			};
			name = Release;
		};
		CEA90C7329C9E7D000C0E2D3 /* Debug */ = {
			isa = XCBuildConfiguration;
			baseConfigurationReference = 4B5F65853E7D5E5107F7452A /* Pods-AppStoreJSON.debug.xcconfig */;
			buildSettings = {
				ASSETCATALOG_COMPILER_APPICON_NAME = AppIcon;
				CODE_SIGN_STYLE = Automatic;
				CURRENT_PROJECT_VERSION = 1;
				DEVELOPMENT_TEAM = 7TK6TBB3FW;
				GENERATE_INFOPLIST_FILE = YES;
				INFOPLIST_FILE = AppStoreJSON/Info.plist;
				INFOPLIST_KEY_UIApplicationSupportsIndirectInputEvents = YES;
				INFOPLIST_KEY_UILaunchStoryboardName = LaunchScreen;
				INFOPLIST_KEY_UIMainStoryboardFile = Main;
				INFOPLIST_KEY_UISupportedInterfaceOrientations_iPad = "UIInterfaceOrientationPortrait UIInterfaceOrientationPortraitUpsideDown UIInterfaceOrientationLandscapeLeft UIInterfaceOrientationLandscapeRight";
				INFOPLIST_KEY_UISupportedInterfaceOrientations_iPhone = "UIInterfaceOrientationPortrait UIInterfaceOrientationLandscapeLeft UIInterfaceOrientationLandscapeRight";
				LD_RUNPATH_SEARCH_PATHS = (
					"$(inherited)",
					"@executable_path/Frameworks",
				);
				MARKETING_VERSION = 1.0;
				PRODUCT_BUNDLE_IDENTIFIER = com.Renat.AppStoreJSON;
				PRODUCT_NAME = "$(TARGET_NAME)";
				SWIFT_EMIT_LOC_STRINGS = YES;
				SWIFT_VERSION = 5.0;
				TARGETED_DEVICE_FAMILY = "1,2";
			};
			name = Debug;
		};
		CEA90C7429C9E7D000C0E2D3 /* Release */ = {
			isa = XCBuildConfiguration;
			baseConfigurationReference = BD79C4E60EAB7A09D139F00D /* Pods-AppStoreJSON.release.xcconfig */;
			buildSettings = {
				ASSETCATALOG_COMPILER_APPICON_NAME = AppIcon;
				CODE_SIGN_STYLE = Automatic;
				CURRENT_PROJECT_VERSION = 1;
				DEVELOPMENT_TEAM = 7TK6TBB3FW;
				GENERATE_INFOPLIST_FILE = YES;
				INFOPLIST_FILE = AppStoreJSON/Info.plist;
				INFOPLIST_KEY_UIApplicationSupportsIndirectInputEvents = YES;
				INFOPLIST_KEY_UILaunchStoryboardName = LaunchScreen;
				INFOPLIST_KEY_UIMainStoryboardFile = Main;
				INFOPLIST_KEY_UISupportedInterfaceOrientations_iPad = "UIInterfaceOrientationPortrait UIInterfaceOrientationPortraitUpsideDown UIInterfaceOrientationLandscapeLeft UIInterfaceOrientationLandscapeRight";
				INFOPLIST_KEY_UISupportedInterfaceOrientations_iPhone = "UIInterfaceOrientationPortrait UIInterfaceOrientationLandscapeLeft UIInterfaceOrientationLandscapeRight";
				LD_RUNPATH_SEARCH_PATHS = (
					"$(inherited)",
					"@executable_path/Frameworks",
				);
				MARKETING_VERSION = 1.0;
				PRODUCT_BUNDLE_IDENTIFIER = com.Renat.AppStoreJSON;
				PRODUCT_NAME = "$(TARGET_NAME)";
				SWIFT_EMIT_LOC_STRINGS = YES;
				SWIFT_VERSION = 5.0;
				TARGETED_DEVICE_FAMILY = "1,2";
			};
			name = Release;
		};
/* End XCBuildConfiguration section */

/* Begin XCConfigurationList section */
		CEA90C5929C9E7CF00C0E2D3 /* Build configuration list for PBXProject "AppStoreJSON" */ = {
			isa = XCConfigurationList;
			buildConfigurations = (
				CEA90C7029C9E7D000C0E2D3 /* Debug */,
				CEA90C7129C9E7D000C0E2D3 /* Release */,
			);
			defaultConfigurationIsVisible = 0;
			defaultConfigurationName = Release;
		};
		CEA90C7229C9E7D000C0E2D3 /* Build configuration list for PBXNativeTarget "AppStoreJSON" */ = {
			isa = XCConfigurationList;
			buildConfigurations = (
				CEA90C7329C9E7D000C0E2D3 /* Debug */,
				CEA90C7429C9E7D000C0E2D3 /* Release */,
			);
			defaultConfigurationIsVisible = 0;
			defaultConfigurationName = Release;
		};
/* End XCConfigurationList section */
	};
	rootObject = CEA90C5629C9E7CF00C0E2D3 /* Project object */;
}
